
Microsoft Visual Studio Solution File, Format Version 12.00
# Visual Studio 14
VisualStudioVersion = 14.0.25420.1
MinimumVisualStudioVersion = 10.0.40219.1
Project("{FAE04EC0-301F-11D3-BF4B-00C04F79EFBC}") = "My.EntityFrameWork", "My.EntityFrameWork\My.EntityFrameWork.csproj", "{EE9B54F5-2504-45D9-860D-C0753CAC930E}"
EndProject
Project("{FAE04EC0-301F-11D3-BF4B-00C04F79EFBC}") = "My.Model", "My.Model\My.Model.csproj", "{DCB6C52E-642C-49C2-8202-8E62938858C9}"
EndProject
Project("{FAE04EC0-301F-11D3-BF4B-00C04F79EFBC}") = "My.Console", "My.Console\My.Console.csproj", "{DE60533B-B187-4754-B381-DCFAD60FD948}"
EndProject
Global
	GlobalSection(SolutionConfigurationPlatforms) = preSolution
		Debug|Any CPU = Debug|Any CPU
		Release|Any CPU = Release|Any CPU
	EndGlobalSection
	GlobalSection(ProjectConfigurationPlatforms) = postSolution
		{EE9B54F5-2504-45D9-860D-C0753CAC930E}.Debug|Any CPU.ActiveCfg = Debug|Any CPU
		{EE9B54F5-2504-45D9-860D-C0753CAC930E}.Debug|Any CPU.Build.0 = Debug|Any CPU
		{EE9B54F5-2504-45D9-860D-C0753CAC930E}.Release|Any CPU.ActiveCfg = Release|Any CPU
		{EE9B54F5-2504-45D9-860D-C0753CAC930E}.Release|Any CPU.Build.0 = Release|Any CPU
		{DCB6C52E-642C-49C2-8202-8E62938858C9}.Debug|Any CPU.ActiveCfg = Debug|Any CPU
		{DCB6C52E-642C-49C2-8202-8E62938858C9}.Debug|Any CPU.Build.0 = Debug|Any CPU
		{DCB6C52E-642C-49C2-8202-8E62938858C9}.Release|Any CPU.ActiveCfg = Release|Any CPU
		{DCB6C52E-642C-49C2-8202-8E62938858C9}.Release|Any CPU.Build.0 = Release|Any CPU
		{DE60533B-B187-4754-B381-DCFAD60FD948}.Debug|Any CPU.ActiveCfg = Debug|Any CPU
		{DE60533B-B187-4754-B381-DCFAD60FD948}.Debug|Any CPU.Build.0 = Debug|Any CPU
		{DE60533B-B187-4754-B381-DCFAD60FD948}.Release|Any CPU.ActiveCfg = Release|Any CPU
		{DE60533B-B187-4754-B381-DCFAD60FD948}.Release|Any CPU.Build.0 = Release|Any CPU
	EndGlobalSection
	GlobalSection(SolutionProperties) = preSolution
		HideSolutionNode = FALSE
	EndGlobalSection
EndGlobal
